
Microsoft Visual Studio Solution File, Format Version 12.00
# Visual Studio Version 17
VisualStudioVersion = 17.14.36301.6
MinimumVisualStudioVersion = 10.0.40219.1
Project("{FAE04EC0-301F-11D3-BF4B-00C04F79EFBC}") = "HostsFileEditor", "src\HostsFileEditor.csproj", "{17A37069-B2AC-4D58-8F6E-C955F284F94C}"
EndProject
Project("{2150E333-8FDC-42A3-9474-1A3956D46DE8}") = "Sources", "Sources", "{F4971D95-21F4-4E91-B8EE-3971F0B50FE3}"
EndProject
Project("{2150E333-8FDC-42A3-9474-1A3956D46DE8}") = "Documentation", "Documentation", "{C802A54D-0F13-4EE0-B112-D9E55E3854F1}"
	ProjectSection(SolutionItems) = preProject
		License.md = License.md
		Readme.md = Readme.md
	EndProjectSection
EndProject
Project("{2150E333-8FDC-42A3-9474-1A3956D46DE8}") = "Scripts", "Scripts", "{BF6F8492-4872-444A-B62F-000A90D73EA4}"
	ProjectSection(SolutionItems) = preProject
		build-clean.bat = build-clean.bat
		build-debug.bat = build-debug.bat
		build-release-signed.bat = build-release-signed.bat
		build-release.bat = build-release.bat
		HostsFileEditor.proj = HostsFileEditor.proj
	EndProjectSection
EndProject
Global
	GlobalSection(SolutionConfigurationPlatforms) = preSolution
		Debug|Any CPU = Debug|Any CPU
		Debug|Mixed Platforms = Debug|Mixed Platforms
		Debug|x86 = Debug|x86
		Release|Any CPU = Release|Any CPU
		Release|Mixed Platforms = Release|Mixed Platforms
		Release|x86 = Release|x86
	EndGlobalSection
	GlobalSection(ProjectConfigurationPlatforms) = postSolution
		{17A37069-B2AC-4D58-8F6E-C955F284F94C}.Debug|Any CPU.ActiveCfg = Debug|Any CPU
		{17A37069-B2AC-4D58-8F6E-C955F284F94C}.Debug|Any CPU.Build.0 = Debug|Any CPU
		{17A37069-B2AC-4D58-8F6E-C955F284F94C}.Debug|Mixed Platforms.ActiveCfg = Debug|Any CPU
		{17A37069-B2AC-4D58-8F6E-C955F284F94C}.Debug|Mixed Platforms.Build.0 = Debug|Any CPU
		{17A37069-B2AC-4D58-8F6E-C955F284F94C}.Debug|x86.ActiveCfg = Debug|Any CPU
		{17A37069-B2AC-4D58-8F6E-C955F284F94C}.Debug|x86.Build.0 = Debug|Any CPU
		{17A37069-B2AC-4D58-8F6E-C955F284F94C}.Release|Any CPU.ActiveCfg = Release|Any CPU
		{17A37069-B2AC-4D58-8F6E-C955F284F94C}.Release|Any CPU.Build.0 = Release|Any CPU
		{17A37069-B2AC-4D58-8F6E-C955F284F94C}.Release|Mixed Platforms.ActiveCfg = Release|Any CPU
		{17A37069-B2AC-4D58-8F6E-C955F284F94C}.Release|Mixed Platforms.Build.0 = Release|Any CPU
		{17A37069-B2AC-4D58-8F6E-C955F284F94C}.Release|x86.ActiveCfg = Release|Any CPU
		{17A37069-B2AC-4D58-8F6E-C955F284F94C}.Release|x86.Build.0 = Release|Any CPU
	EndGlobalSection
	GlobalSection(SolutionProperties) = preSolution
		HideSolutionNode = FALSE
	EndGlobalSection
	GlobalSection(NestedProjects) = preSolution
		{17A37069-B2AC-4D58-8F6E-C955F284F94C} = {F4971D95-21F4-4E91-B8EE-3971F0B50FE3}
	EndGlobalSection
	GlobalSection(ExtensibilityGlobals) = postSolution
		SolutionGuid = {6B9B22EC-7277-4462-8D3A-0D12C3B80BF4}
	EndGlobalSection
EndGlobal
