
Microsoft Visual Studio Solution File, Format Version 12.00
# Visual Studio 14
VisualStudioVersion = 14.0.25420.1
MinimumVisualStudioVersion = 10.0.40219.1
Project("{FAE04EC0-301F-11D3-BF4B-00C04F79EFBC}") = "HostsFileEditor", "src\HostsFileEditor.csproj", "{17A37069-B2AC-4D58-8F6E-C955F284F94C}"
EndProject
Project("{2150E333-8FDC-42A3-9474-1A3956D46DE8}") = "Sources", "Sources", "{F4971D95-21F4-4E91-B8EE-3971F0B50FE3}"
EndProject
Project("{2150E333-8FDC-42A3-9474-1A3956D46DE8}") = "Documentation", "Documentation", "{C802A54D-0F13-4EE0-B112-D9E55E3854F1}"
	ProjectSection(SolutionItems) = preProject
		License.md = License.md
		Readme.md = Readme.md
	EndProjectSection
EndProject
Project("{2150E333-8FDC-42A3-9474-1A3956D46DE8}") = "Scripts", "Scripts", "{BF6F8492-4872-444A-B62F-000A90D73EA4}"
	ProjectSection(SolutionItems) = preProject
		build-clean.bat = build-clean.bat
		build-debug.bat = build-debug.bat
		build-release.bat = build-release.bat
		HostsFileEditor.proj = HostsFileEditor.proj
	EndProjectSection
EndProject
Project("{2150E333-8FDC-42A3-9474-1A3956D46DE8}") = "Deployment", "Deployment", "{51E2000C-3F31-4E18-8A74-02CDEEBEC6A4}"
EndProject
Project("{FAE04EC0-301F-11D3-BF4B-00C04F79EFBC}") = "NGenCustomAction", "setup\NGenInstallCustomAction\NGenCustomAction.csproj", "{BD2FA119-BB09-4F09-A646-338CD73F9491}"
EndProject
Project("{930C7802-8A8C-48F9-8165-68863BCCD9DD}") = "HostsFileEditorSetup", "setup\HostsFileEditorSetup.wixproj", "{A78A7EC4-2707-408C-A19F-AB237F0D85BA}"
EndProject
Global
	GlobalSection(SolutionConfigurationPlatforms) = preSolution
		Debug|Any CPU = Debug|Any CPU
		Debug|Mixed Platforms = Debug|Mixed Platforms
		Debug|x86 = Debug|x86
		Release|Any CPU = Release|Any CPU
		Release|Mixed Platforms = Release|Mixed Platforms
		Release|x86 = Release|x86
	EndGlobalSection
	GlobalSection(ProjectConfigurationPlatforms) = postSolution
		{17A37069-B2AC-4D58-8F6E-C955F284F94C}.Debug|Any CPU.ActiveCfg = Debug|Any CPU
		{17A37069-B2AC-4D58-8F6E-C955F284F94C}.Debug|Any CPU.Build.0 = Debug|Any CPU
		{17A37069-B2AC-4D58-8F6E-C955F284F94C}.Debug|Mixed Platforms.ActiveCfg = Debug|Any CPU
		{17A37069-B2AC-4D58-8F6E-C955F284F94C}.Debug|Mixed Platforms.Build.0 = Debug|Any CPU
		{17A37069-B2AC-4D58-8F6E-C955F284F94C}.Debug|x86.ActiveCfg = Debug|Any CPU
		{17A37069-B2AC-4D58-8F6E-C955F284F94C}.Debug|x86.Build.0 = Debug|Any CPU
		{17A37069-B2AC-4D58-8F6E-C955F284F94C}.Release|Any CPU.ActiveCfg = Release|Any CPU
		{17A37069-B2AC-4D58-8F6E-C955F284F94C}.Release|Any CPU.Build.0 = Release|Any CPU
		{17A37069-B2AC-4D58-8F6E-C955F284F94C}.Release|Mixed Platforms.ActiveCfg = Release|Any CPU
		{17A37069-B2AC-4D58-8F6E-C955F284F94C}.Release|Mixed Platforms.Build.0 = Release|Any CPU
		{17A37069-B2AC-4D58-8F6E-C955F284F94C}.Release|x86.ActiveCfg = Release|Any CPU
		{17A37069-B2AC-4D58-8F6E-C955F284F94C}.Release|x86.Build.0 = Release|Any CPU
		{BD2FA119-BB09-4F09-A646-338CD73F9491}.Debug|Any CPU.ActiveCfg = Debug|Any CPU
		{BD2FA119-BB09-4F09-A646-338CD73F9491}.Debug|Any CPU.Build.0 = Debug|Any CPU
		{BD2FA119-BB09-4F09-A646-338CD73F9491}.Debug|Mixed Platforms.ActiveCfg = Debug|Any CPU
		{BD2FA119-BB09-4F09-A646-338CD73F9491}.Debug|Mixed Platforms.Build.0 = Debug|Any CPU
		{BD2FA119-BB09-4F09-A646-338CD73F9491}.Debug|x86.ActiveCfg = Debug|Any CPU
		{BD2FA119-BB09-4F09-A646-338CD73F9491}.Debug|x86.Build.0 = Debug|Any CPU
		{BD2FA119-BB09-4F09-A646-338CD73F9491}.Release|Any CPU.ActiveCfg = Release|Any CPU
		{BD2FA119-BB09-4F09-A646-338CD73F9491}.Release|Any CPU.Build.0 = Release|Any CPU
		{BD2FA119-BB09-4F09-A646-338CD73F9491}.Release|Mixed Platforms.ActiveCfg = Release|Any CPU
		{BD2FA119-BB09-4F09-A646-338CD73F9491}.Release|Mixed Platforms.Build.0 = Release|Any CPU
		{BD2FA119-BB09-4F09-A646-338CD73F9491}.Release|x86.ActiveCfg = Release|Any CPU
		{BD2FA119-BB09-4F09-A646-338CD73F9491}.Release|x86.Build.0 = Release|Any CPU
		{A78A7EC4-2707-408C-A19F-AB237F0D85BA}.Debug|Any CPU.ActiveCfg = Debug|x86
		{A78A7EC4-2707-408C-A19F-AB237F0D85BA}.Debug|Any CPU.Build.0 = Debug|x86
		{A78A7EC4-2707-408C-A19F-AB237F0D85BA}.Debug|Mixed Platforms.ActiveCfg = Debug|x86
		{A78A7EC4-2707-408C-A19F-AB237F0D85BA}.Debug|Mixed Platforms.Build.0 = Debug|x86
		{A78A7EC4-2707-408C-A19F-AB237F0D85BA}.Debug|x86.ActiveCfg = Debug|x86
		{A78A7EC4-2707-408C-A19F-AB237F0D85BA}.Debug|x86.Build.0 = Debug|x86
		{A78A7EC4-2707-408C-A19F-AB237F0D85BA}.Release|Any CPU.ActiveCfg = Release|x86
		{A78A7EC4-2707-408C-A19F-AB237F0D85BA}.Release|Any CPU.Build.0 = Release|x86
		{A78A7EC4-2707-408C-A19F-AB237F0D85BA}.Release|Mixed Platforms.ActiveCfg = Release|x86
		{A78A7EC4-2707-408C-A19F-AB237F0D85BA}.Release|Mixed Platforms.Build.0 = Release|x86
		{A78A7EC4-2707-408C-A19F-AB237F0D85BA}.Release|x86.ActiveCfg = Release|x86
		{A78A7EC4-2707-408C-A19F-AB237F0D85BA}.Release|x86.Build.0 = Release|x86
	EndGlobalSection
	GlobalSection(SolutionProperties) = preSolution
		HideSolutionNode = FALSE
	EndGlobalSection
	GlobalSection(NestedProjects) = preSolution
		{17A37069-B2AC-4D58-8F6E-C955F284F94C} = {F4971D95-21F4-4E91-B8EE-3971F0B50FE3}
		{BD2FA119-BB09-4F09-A646-338CD73F9491} = {51E2000C-3F31-4E18-8A74-02CDEEBEC6A4}
		{A78A7EC4-2707-408C-A19F-AB237F0D85BA} = {51E2000C-3F31-4E18-8A74-02CDEEBEC6A4}
	EndGlobalSection
EndGlobal
